
Microsoft Visual Studio Solution File, Format Version 11.00
# Visual Studio 2010
Project("{FAE04EC0-301F-11D3-BF4B-00C04F79EFBC}") = "ED", "Assembly-CSharp-firstpass.csproj", "{C6CB62A3-DA17-A67E-982F-5BA8862F1386}"
EndProject
Project("{FAE04EC0-301F-11D3-BF4B-00C04F79EFBC}") = "ED", "Assembly-CSharp-Editor-firstpass.csproj", "{A28FE514-562B-37A5-B2BC-94D55669701E}"
EndProject
Global
	GlobalSection(SolutionConfigurationPlatforms) = preSolution
		Debug|Any CPU = Debug|Any CPU
		Release|Any CPU = Release|Any CPU
	EndGlobalSection
	GlobalSection(ProjectConfigurationPlatforms) = postSolution
		{C6CB62A3-DA17-A67E-982F-5BA8862F1386}.Debug|Any CPU.ActiveCfg = Debug|Any CPU
		{C6CB62A3-DA17-A67E-982F-5BA8862F1386}.Debug|Any CPU.Build.0 = Debug|Any CPU
		{C6CB62A3-DA17-A67E-982F-5BA8862F1386}.Release|Any CPU.ActiveCfg = Release|Any CPU
		{C6CB62A3-DA17-A67E-982F-5BA8862F1386}.Release|Any CPU.Build.0 = Release|Any CPU
		{A28FE514-562B-37A5-B2BC-94D55669701E}.Debug|Any CPU.ActiveCfg = Debug|Any CPU
		{A28FE514-562B-37A5-B2BC-94D55669701E}.Debug|Any CPU.Build.0 = Debug|Any CPU
		{A28FE514-562B-37A5-B2BC-94D55669701E}.Release|Any CPU.ActiveCfg = Release|Any CPU
		{A28FE514-562B-37A5-B2BC-94D55669701E}.Release|Any CPU.Build.0 = Release|Any CPU
	EndGlobalSection
	GlobalSection(SolutionProperties) = preSolution
		HideSolutionNode = FALSE
	EndGlobalSection
	GlobalSection(MonoDevelopProperties) = preSolution
		StartupItem = Assembly-CSharp.csproj
	EndGlobalSection
EndGlobal
